
Microsoft Visual Studio Solution File, Format Version 12.00
# Visual Studio Version 17
VisualStudioVersion = 17.5.002.0
MinimumVisualStudioVersion = 10.0.40219.1
Project("{9A19103F-16F7-4668-BE54-9A1E7A4F7556}") = "Sticky-Web-Backend", "Sticky-Web-Backend.csproj", "{7308D875-EE24-4150-AD7D-98F5BA5E0FAF}"
EndProject
Global
	GlobalSection(SolutionConfigurationPlatforms) = preSolution
		Debug|Any CPU = Debug|Any CPU
		Release|Any CPU = Release|Any CPU
	EndGlobalSection
	GlobalSection(ProjectConfigurationPlatforms) = postSolution
		{7308D875-EE24-4150-AD7D-98F5BA5E0FAF}.Debug|Any CPU.ActiveCfg = Debug|Any CPU
		{7308D875-EE24-4150-AD7D-98F5BA5E0FAF}.Debug|Any CPU.Build.0 = Debug|Any CPU
		{7308D875-EE24-4150-AD7D-98F5BA5E0FAF}.Release|Any CPU.ActiveCfg = Release|Any CPU
		{7308D875-EE24-4150-AD7D-98F5BA5E0FAF}.Release|Any CPU.Build.0 = Release|Any CPU
	EndGlobalSection
	GlobalSection(SolutionProperties) = preSolution
		HideSolutionNode = FALSE
	EndGlobalSection
	GlobalSection(ExtensibilityGlobals) = postSolution
		SolutionGuid = {AA687C1F-0F2E-459B-8FB7-0C636FFB25D1}
	EndGlobalSection
EndGlobal
