
Microsoft Visual Studio Solution File, Format Version 12.00
# Visual Studio Version 17
VisualStudioVersion = 17.0.31903.59
MinimumVisualStudioVersion = 10.0.40219.1
Project("{FAE04EC0-301F-11D3-BF4B-00C04F79EFBC}") = "Core", "core\Core.csproj", "{634DCD6D-8B8A-4807-AA1B-197F5FA5E224}"
EndProject
Project("{FAE04EC0-301F-11D3-BF4B-00C04F79EFBC}") = "Main", "main\Main.csproj", "{2C7B8811-A798-487F-947A-5DBEC2E52D99}"
EndProject
Project("{FAE04EC0-301F-11D3-BF4B-00C04F79EFBC}") = "Plugin", "plugin\Plugin.csproj", "{CB7338E8-FB38-4A11-94C3-D4185A70742F}"
EndProject
Global
	GlobalSection(SolutionConfigurationPlatforms) = preSolution
		Debug|Any CPU = Debug|Any CPU
		Release|Any CPU = Release|Any CPU
	EndGlobalSection
	GlobalSection(SolutionProperties) = preSolution
		HideSolutionNode = FALSE
	EndGlobalSection
	GlobalSection(ProjectConfigurationPlatforms) = postSolution
		{634DCD6D-8B8A-4807-AA1B-197F5FA5E224}.Debug|Any CPU.ActiveCfg = Debug|Any CPU
		{634DCD6D-8B8A-4807-AA1B-197F5FA5E224}.Debug|Any CPU.Build.0 = Debug|Any CPU
		{634DCD6D-8B8A-4807-AA1B-197F5FA5E224}.Release|Any CPU.ActiveCfg = Release|Any CPU
		{634DCD6D-8B8A-4807-AA1B-197F5FA5E224}.Release|Any CPU.Build.0 = Release|Any CPU
		{2C7B8811-A798-487F-947A-5DBEC2E52D99}.Debug|Any CPU.ActiveCfg = Debug|Any CPU
		{2C7B8811-A798-487F-947A-5DBEC2E52D99}.Debug|Any CPU.Build.0 = Debug|Any CPU
		{2C7B8811-A798-487F-947A-5DBEC2E52D99}.Release|Any CPU.ActiveCfg = Release|Any CPU
		{2C7B8811-A798-487F-947A-5DBEC2E52D99}.Release|Any CPU.Build.0 = Release|Any CPU
		{CB7338E8-FB38-4A11-94C3-D4185A70742F}.Debug|Any CPU.ActiveCfg = Debug|Any CPU
		{CB7338E8-FB38-4A11-94C3-D4185A70742F}.Debug|Any CPU.Build.0 = Debug|Any CPU
		{CB7338E8-FB38-4A11-94C3-D4185A70742F}.Release|Any CPU.ActiveCfg = Release|Any CPU
		{CB7338E8-FB38-4A11-94C3-D4185A70742F}.Release|Any CPU.Build.0 = Release|Any CPU
	EndGlobalSection
EndGlobal
